<?xml version="1.0" encoding="utf-8"?>
<Project ToolsVersion="4.0" xmlns="http://schemas.microsoft.com/developer/msbuild/2003">
  <ItemGroup>
    <Filter Include="Source Files">
      <UniqueIdentifier>{4FC737F1-C7A5-4376-A066-2A32D752A2FF}</UniqueIdentifier>
      <Extensions>cpp;c;cc;cxx;def;odl;idl;hpj;bat;asm;asmx</Extensions>
    </Filter>
    <Filter Include="Header Files">
      <UniqueIdentifier>{93995380-89BD-4b04-88EB-625FBE52EBFB}</UniqueIdentifier>
      <Extensions>h;hh;hpp;hxx;hm;inl;inc;xsd</Extensions>
    </Filter>
    <Filter Include="Resource Files">
      <UniqueIdentifier>{67DA6AB6-F800-4c08-8B7A-83BB121AAD01}</UniqueIdentifier>
      <Extensions>rc;ico;cur;bmp;dlg;rc2;rct;bin;rgs;gif;jpg;jpeg;jpe;resx;tiff;tif;png;wav;mfcribbon-ms</Extensions>
    </Filter>
  </ItemGroup>
  <ItemGroup>
    <ClCompile Include="code\source\ApplicationMain.cpp">
      <Filter>Source Files</Filter>
    </ClCompile>
    <ClCompile Include="code\source\Platform\Windows\WindowsWindowFactory.cpp">
      <Filter>Source Files</Filter>
    </ClCompile>
    <ClCompile Include="code\source\Platform\Windows\WindowsWindow.cpp">
      <Filter>Source Files</Filter>
    </ClCompile>
    <ClCompile Include="code\source\Window\IWindowEventCallbackAdapter.cpp">
      <Filter>Source Files</Filter>
    </ClCompile>
    <ClCompile Include="code\source\Window\WindowManager.cpp">
      <Filter>Source Files</Filter>
    </ClCompile>
    <ClCompile Include="code\source\Core\Engine.cpp">
      <Filter>Source Files</Filter>
    </ClCompile>
    <ClCompile Include="code\source\Core\String.cpp">
      <Filter>Source Files</Filter>
    </ClCompile>
    <ClCompile Include="code\source\Renderer\DirectX\DX11\DX11Device.cpp">
      <Filter>Source Files</Filter>
    </ClCompile>
    <ClCompile Include="code\source\Renderer\DirectX\DX11\DX11DeviceCapabilities.cpp">
      <Filter>Source Files</Filter>
    </ClCompile>
    <ClCompile Include="code\source\Renderer\DirectX\DX11\DX11Renderer.cpp">
      <Filter>Source Files</Filter>
    </ClCompile>
    <ClCompile Include="code\source\Math\Matrix.cpp">
      <Filter>Source Files</Filter>
    </ClCompile>
    <ClCompile Include="code\source\BuildingBlocks\Camera.cpp">
      <Filter>Source Files</Filter>
    </ClCompile>
    <ClCompile Include="code\source\BuildingBlocks\Transform.cpp">
      <Filter>Source Files</Filter>
    </ClCompile>
    <ClCompile Include="code\source\Math\Quaternion.cpp">
      <Filter>Source Files</Filter>
    </ClCompile>
    <ClCompile Include="code\source\Math\AxisAngle.cpp">
      <Filter>Source Files</Filter>
    </ClCompile>
    <ClCompile Include="code\source\BuildingBlocks\Scene.cpp">
      <Filter>Source Files</Filter>
    </ClCompile>
    <ClCompile Include="code\source\Benchmarking\Timer\Timer.cpp">
      <Filter>Source Files</Filter>
    </ClCompile>
    <ClCompile Include="code\source\Benchmarking\Timer\CallbackTimer.cpp">
      <Filter>Source Files</Filter>
    </ClCompile>
    <ClCompile Include="code\source\Memory\AllocatorBase\AllocatorBase.cpp">
      <Filter>Source Files</Filter>
    </ClCompile>
    <ClCompile Include="code\source\Memory\AllocatorBase\PreallocatingAllocatorBase.cpp">
      <Filter>Source Files</Filter>
    </ClCompile>
    <ClCompile Include="code\source\Memory\AllocTracking\AllocationTracking.cpp">
      <Filter>Source Files</Filter>
    </ClCompile>
    <ClCompile Include="code\source\Memory\New.cpp">
      <Filter>Source Files</Filter>
    </ClCompile>
    <ClCompile Include="code\source\Benchmarking\Timer\WindowsTime.cpp">
      <Filter>Source Files</Filter>
    </ClCompile>
    <ClCompile Include="code\source\ECWS\Entity.cpp">
      <Filter>Source Files</Filter>
    </ClCompile>
    <ClCompile Include="code\source\ECWS\MeshComponent.cpp">
      <Filter>Source Files</Filter>
    </ClCompile>
  </ItemGroup>
  <ItemGroup>
    <ClInclude Include="code\include\Compiler\MSVCWarnings.h">
      <Filter>Header Files</Filter>
    </ClInclude>
    <ClInclude Include="code\include\Log\Log.h">
      <Filter>Header Files</Filter>
    </ClInclude>
    <ClInclude Include="code\include\Platform\Windows\WindowsWindowFactory.h">
      <Filter>Header Files</Filter>
    </ClInclude>
    <ClInclude Include="code\include\Platform\Platform.h">
      <Filter>Header Files</Filter>
    </ClInclude>
    <ClInclude Include="code\include\Platform\ApplicationEnvironment.h">
      <Filter>Header Files</Filter>
    </ClInclude>
    <ClInclude Include="code\include\Platform\Windows\WindowsWindow.h">
      <Filter>Header Files</Filter>
    </ClInclude>
    <ClInclude Include="code\include\Platform\WindowHandleWrapper.h">
      <Filter>Header Files</Filter>
    </ClInclude>
    <ClInclude Include="code\include\Functional\FunctionBinding.h">
      <Filter>Header Files</Filter>
    </ClInclude>
    <ClInclude Include="code\include\Window\IWindow.h">
      <Filter>Header Files</Filter>
    </ClInclude>
    <ClInclude Include="code\include\Window\IWindowEventCallbackAdapter.h">
      <Filter>Header Files</Filter>
    </ClInclude>
    <ClInclude Include="code\include\Window\IWindowFactory.h">
      <Filter>Header Files</Filter>
    </ClInclude>
    <ClInclude Include="code\include\Window\WindowManager.h">
      <Filter>Header Files</Filter>
    </ClInclude>
    <ClInclude Include="code\include\Core\Engine.h">
      <Filter>Header Files</Filter>
    </ClInclude>
    <ClInclude Include="code\include\Core\EngineStatus.h">
      <Filter>Header Files</Filter>
    </ClInclude>
    <ClInclude Include="code\include\Core\EngineTypeHelper.h">
      <Filter>Header Files</Filter>
    </ClInclude>
    <ClInclude Include="code\include\Core\String.h">
      <Filter>Header Files</Filter>
    </ClInclude>
    <ClInclude Include="code\include\Renderer\IRenderer.h">
      <Filter>Header Files</Filter>
    </ClInclude>
    <ClInclude Include="code\include\Platform\OSDisplay.h">
      <Filter>Header Files</Filter>
    </ClInclude>
    <ClInclude Include="code\include\Renderer\RendererConfiguration.h">
      <Filter>Header Files</Filter>
    </ClInclude>
    <ClInclude Include="code\include\Core\BasicTypes.h">
      <Filter>Header Files</Filter>
    </ClInclude>
    <ClInclude Include="code\include\Renderer\DirectX\DX11\DX11Device.h">
      <Filter>Header Files</Filter>
    </ClInclude>
    <ClInclude Include="code\include\Renderer\DirectX\IDXDevice.h">
      <Filter>Header Files</Filter>
    </ClInclude>
    <ClInclude Include="code\include\Renderer\DirectX\DX11\DX11DeviceCapabilities.h">
      <Filter>Header Files</Filter>
    </ClInclude>
    <ClInclude Include="code\include\Renderer\DirectX\DX11\DX11Linkage.h">
      <Filter>Header Files</Filter>
    </ClInclude>
    <ClInclude Include="code\include\Renderer\DirectX\DX11\DX11Renderer.h">
      <Filter>Header Files</Filter>
    </ClInclude>
    <ClInclude Include="code\include\Renderer\GAPIDeviceCapabilities.h">
      <Filter>Header Files</Filter>
    </ClInclude>
    <ClInclude Include="code\include\Renderer\DirectX\DX11\DX11Common.h">
      <Filter>Header Files</Filter>
    </ClInclude>
    <ClInclude Include="code\include\Math\Field.h">
      <Filter>Header Files</Filter>
    </ClInclude>
    <ClInclude Include="code\include\Math\Math.h">
      <Filter>Header Files</Filter>
    </ClInclude>
    <ClInclude Include="code\include\Math\Matrix.h">
      <Filter>Header Files</Filter>
    </ClInclude>
    <ClInclude Include="code\include\Math\MatrixOps.h">
      <Filter>Header Files</Filter>
    </ClInclude>
    <ClInclude Include="code\include\Math\Vector.h">
      <Filter>Header Files</Filter>
    </ClInclude>
    <ClInclude Include="code\include\BuildingBlocks\Camera.h">
      <Filter>Header Files</Filter>
    </ClInclude>
    <ClInclude Include="code\include\BuildingBlocks\Transform.h">
      <Filter>Header Files</Filter>
    </ClInclude>
    <ClInclude Include="code\include\Math\Quaternion.h">
      <Filter>Header Files</Filter>
    </ClInclude>
    <ClInclude Include="code\include\Math\Common.h">
      <Filter>Header Files</Filter>
    </ClInclude>
    <ClInclude Include="code\include\Platform\MathAdapter.h">
      <Filter>Header Files</Filter>
    </ClInclude>
    <ClInclude Include="code\include\Math\AxisAngle.h">
      <Filter>Header Files</Filter>
    </ClInclude>
    <ClInclude Include="code\include\BuildingBlocks\Scene.h">
      <Filter>Header Files</Filter>
    </ClInclude>
    <ClInclude Include="code\include\Benchmarking\Timer\Timer.h">
      <Filter>Header Files</Filter>
    </ClInclude>
    <ClInclude Include="code\include\Benchmarking\MeasurementChunk.h">
      <Filter>Header Files</Filter>
    </ClInclude>
    <ClInclude Include="code\include\Benchmarking\MeasurementChunkTraits.h">
      <Filter>Header Files</Filter>
    </ClInclude>
    <ClInclude Include="code\include\Benchmarking\MeasurementDataStore.h">
      <Filter>Header Files</Filter>
    </ClInclude>
    <ClInclude Include="code\include\Benchmarking\Timer\CallbackTimer.h">
      <Filter>Header Files</Filter>
    </ClInclude>
    <ClInclude Include="code\include\Benchmarking\Timer\ITimespan.h">
      <Filter>Header Files</Filter>
    </ClInclude>
    <ClInclude Include="code\include\Benchmarking\Timer\TimespanUnit.h">
      <Filter>Header Files</Filter>
    </ClInclude>
    <ClInclude Include="code\include\Memory\AllocatorBase\AllocatorBase.h">
      <Filter>Header Files</Filter>
    </ClInclude>
    <ClInclude Include="code\include\Memory\AllocatorBase\PreallocatingAllocatorBase.h">
      <Filter>Header Files</Filter>
    </ClInclude>
    <ClInclude Include="code\include\Memory\AllocTracking\AllocationTracking.h">
      <Filter>Header Files</Filter>
    </ClInclude>
    <ClInclude Include="code\include\Memory\TypeBasedAllocatorBase\Allocator.h">
      <Filter>Header Files</Filter>
    </ClInclude>
    <ClInclude Include="code\include\Memory\TypeBasedAllocatorBase\AllocatorPolicy.h">
      <Filter>Header Files</Filter>
    </ClInclude>
    <ClInclude Include="code\include\Memory\TypeBasedAllocatorBase\AllocatorTraits.h">
      <Filter>Header Files</Filter>
    </ClInclude>
    <ClInclude Include="code\include\Memory\Memory.h">
      <Filter>Header Files</Filter>
    </ClInclude>
    <ClInclude Include="code\include\Memory\MemoryPool.h">
      <Filter>Header Files</Filter>
    </ClInclude>
    <ClInclude Include="code\include\Memory\New.h">
      <Filter>Header Files</Filter>
    </ClInclude>
    <ClInclude Include="code\include\Memory\STLTypeBase.h">
      <Filter>Header Files</Filter>
    </ClInclude>
    <ClInclude Include="code\include\Memory\Types.h">
      <Filter>Header Files</Filter>
    </ClInclude>
    <ClInclude Include="code\include\Benchmarking\Timer\WindowsTime.h">
      <Filter>Header Files</Filter>
    </ClInclude>
    <ClInclude Include="code\include\Benchmarking\Timer\PlatformTime.h">
      <Filter>Header Files</Filter>
    </ClInclude>
    <ClInclude Include="code\include\ECWS\Entity.h">
      <Filter>Header Files</Filter>
    </ClInclude>
    <ClInclude Include="code\include\ECWS\IComponent.h">
      <Filter>Header Files</Filter>
    </ClInclude>
    <ClInclude Include="code\include\ECWS\MeshComponent.h">
      <Filter>Header Files</Filter>
    </ClInclude>
    <ClInclude Include="code\include\ECWS\IComponentFactory.h">
      <Filter>Header Files</Filter>
    </ClInclude>
  </ItemGroup>
</Project>